{
  "name": "codekit-project",
  "version": "1.0.0",
  "lockfileVersion": 1,
  "requires": true,
  "dependencies": {
    "CSSselect": {
      "version": "0.3.11",
      "resolved": "https://registry.npmjs.org/CSSselect/-/CSSselect-0.3.11.tgz",
      "integrity": "sha1-B3mgadEtqf9Ydd0SWgKHWZwFtqU=",
      "dev": true,
      "requires": {
        "CSSwhat": "0.4",
        "domutils": "1.2"
      },
      "dependencies": {
        "domutils": {
          "version": "1.2.2",
          "resolved": "https://registry.npmjs.org/domutils/-/domutils-1.2.2.tgz",
          "integrity": "sha1-vVnRSc8sA0/sgaHOBjvCD7Vyoqs=",
          "dev": true,
          "requires": {
            "domelementtype": "1"
          }
        }
      }
    },
    "CSSwhat": {
      "version": "0.4.7",
      "resolved": "https://registry.npmjs.org/CSSwhat/-/CSSwhat-0.4.7.tgz",
      "integrity": "sha1-hn2g/zn3eGEyQsRM/qg/CqTr35s=",
      "dev": true
    },
    "core-util-is": {
      "version": "1.0.2",
      "resolved": "https://registry.npmjs.org/core-util-is/-/core-util-is-1.0.2.tgz",
      "integrity": "sha1-tf1UIgqivFq1eqtxQMlAdUUDwac=",
      "dev": true
    },
    "cornet": {
      "version": "0.1.5",
      "resolved": "https://registry.npmjs.org/cornet/-/cornet-0.1.5.tgz",
      "integrity": "sha1-dC03LbdwCQeNygHvzZn6S5FaywE=",
      "dev": true,
      "requires": {
        "CSSselect": "0.3",
        "domhandler": "2.1",
        "domutils": "1.1"
      },
      "dependencies": {
        "domutils": {
          "version": "1.1.6",
          "resolved": "https://registry.npmjs.org/domutils/-/domutils-1.1.6.tgz",
          "integrity": "sha1-vdw94Jm5ou+sxRxiPyj0FuzFdIU=",
          "dev": true,
          "requires": {
            "domelementtype": "1"
          }
        }
      }
    },
    "dom-serializer": {
      "version": "0.2.2",
      "resolved": "https://registry.npmjs.org/dom-serializer/-/dom-serializer-0.2.2.tgz",
      "integrity": "sha512-2/xPb3ORsQ42nHYiSunXkDjPLBaEj/xTwUO4B7XCZQTRk7EBtTOPaygh10YAAh2OI1Qrp6NWfpAhzswj0ydt9g==",
      "dev": true,
      "requires": {
        "domelementtype": "^2.0.1",
        "entities": "^2.0.0"
      },
      "dependencies": {
        "domelementtype": {
          "version": "2.1.0",
          "resolved": "https://registry.npmjs.org/domelementtype/-/domelementtype-2.1.0.tgz",
          "integrity": "sha512-LsTgx/L5VpD+Q8lmsXSHW2WpA+eBlZ9HPf3erD1IoPF00/3JKHZ3BknUVA2QGDNu69ZNmyFmCWBSO45XjYKC5w==",
          "dev": true
        }
      }
    },
    "domelementtype": {
      "version": "1.3.1",
      "resolved": "https://registry.npmjs.org/domelementtype/-/domelementtype-1.3.1.tgz",
      "integrity": "sha512-BSKB+TSpMpFI/HOxCNr1O8aMOTZ8hT3pM3GQ0w/mWRmkhEDSFJkkyzz4XQsBV44BChwGkrDfMyjVD0eA2aFV3w==",
      "dev": true
    },
    "domhandler": {
      "version": "2.1.0",
      "resolved": "https://registry.npmjs.org/domhandler/-/domhandler-2.1.0.tgz",
      "integrity": "sha1-0mRvXlf2w7qxHPbLBdPArPdBJZQ=",
      "dev": true,
      "requires": {
        "domelementtype": "1"
      }
    },
    "domutils": {
      "version": "1.5.1",
      "resolved": "https://registry.npmjs.org/domutils/-/domutils-1.5.1.tgz",
      "integrity": "sha1-3NhIiib1Y9YQeeSMn3t+Mjc2gs8=",
      "dev": true,
      "requires": {
        "dom-serializer": "0",
        "domelementtype": "1"
      }
    },
    "entities": {
      "version": "2.2.0",
      "resolved": "https://registry.npmjs.org/entities/-/entities-2.2.0.tgz",
      "integrity": "sha512-p92if5Nz619I0w+akJrLZH0MX0Pb5DX39XOwQTtXSdQQOaYH03S1uIQp4mhOZtAXrxq4ViO67YTiLBo2638o9A==",
      "dev": true
    },
    "htmlparser2": {
      "version": "3.7.3",
      "resolved": "https://registry.npmjs.org/htmlparser2/-/htmlparser2-3.7.3.tgz",
      "integrity": "sha1-amTHdjfAjG8w7CqBV6UzM758sF4=",
      "dev": true,
      "requires": {
        "domelementtype": "1",
        "domhandler": "2.2",
        "domutils": "1.5",
        "entities": "1.0",
        "readable-stream": "1.1"
      },
      "dependencies": {
        "domhandler": {
          "version": "2.2.1",
          "resolved": "https://registry.npmjs.org/domhandler/-/domhandler-2.2.1.tgz",
          "integrity": "sha1-Wd+dzSJ+gIs2Wuc+H2aErD2Ub8I=",
          "dev": true,
          "requires": {
            "domelementtype": "1"
          }
        },
        "entities": {
          "version": "1.0.0",
          "resolved": "https://registry.npmjs.org/entities/-/entities-1.0.0.tgz",
          "integrity": "sha1-sph6o4ITR/zeZCsk/fyeT7cSvyY=",
          "dev": true
        }
      }
    },
    "inherits": {
      "version": "2.0.4",
      "resolved": "https://registry.npmjs.org/inherits/-/inherits-2.0.4.tgz",
      "integrity": "sha512-k/vGaX4/Yla3WzyMCvTQOXYeIHvqOKtnqBduzTHpzpQZzAskKMhZ2K+EnBiSM9zGSoIFeMpXKxa4dYeZIQqewQ==",
      "dev": true
    },
    "inline": {
      "version": "0.0.2",
      "resolved": "https://registry.npmjs.org/inline/-/inline-0.0.2.tgz",
      "integrity": "sha1-0VLCJp/lF+8xMgdPPSAWbAuq0ZM=",
      "dev": true,
      "requires": {
        "cornet": "0.1",
        "domutils": "1.5",
        "htmlparser2": "3.7",
        "minreq": "0"
      }
    },
    "isarray": {
      "version": "0.0.1",
      "resolved": "https://registry.npmjs.org/isarray/-/isarray-0.0.1.tgz",
      "integrity": "sha1-ihis/Kmo9Bd+Cav8YDiTmwXR7t8=",
      "dev": true
    },
    "minreq": {
      "version": "0.2.3",
      "resolved": "https://registry.npmjs.org/minreq/-/minreq-0.2.3.tgz",
      "integrity": "sha1-nX/B038czMyrVeQCwS27eMfjqw0=",
      "dev": true
    },
    "readable-stream": {
      "version": "1.1.14",
      "resolved": "https://registry.npmjs.org/readable-stream/-/readable-stream-1.1.14.tgz",
      "integrity": "sha1-fPTFTvZI44EwhMY23SB54WbAgdk=",
      "dev": true,
      "requires": {
        "core-util-is": "~1.0.0",
        "inherits": "~2.0.1",
        "isarray": "0.0.1",
        "string_decoder": "~0.10.x"
      }
    },
    "string_decoder": {
      "version": "0.10.31",
      "resolved": "https://registry.npmjs.org/string_decoder/-/string_decoder-0.10.31.tgz",
      "integrity": "sha1-YuIDvEF2bGwoyfyEMB2rHFMQ+pQ=",
      "dev": true
    }
  }
}
